
Microsoft Visual Studio Solution File, Format Version 12.00
# Visual Studio Version 17
VisualStudioVersion = 17.9.34714.143
MinimumVisualStudioVersion = 10.0.40219.1
Project("{8BC9CEB8-8B4A-11D0-8D11-00A0C91BC942}") = "SoftwareRenderer", "2D\2D.vcxproj", "{9747C9AA-CF06-4316-BF0F-AACD24D1A970}"
EndProject
Project("{8BC9CEB8-8B4A-11D0-8D11-00A0C91BC942}") = "RayTracer", "RayTracer\RayTracer.vcxproj", "{93C3ABBF-EE4F-433D-A534-9B155A6E657C}"
EndProject
Global
	GlobalSection(SolutionConfigurationPlatforms) = preSolution
		Debug|x64 = Debug|x64
		Debug|x86 = Debug|x86
		Release|x64 = Release|x64
		Release|x86 = Release|x86
	EndGlobalSection
	GlobalSection(ProjectConfigurationPlatforms) = postSolution
		{9747C9AA-CF06-4316-BF0F-AACD24D1A970}.Debug|x64.ActiveCfg = Debug|x64
		{9747C9AA-CF06-4316-BF0F-AACD24D1A970}.Debug|x64.Build.0 = Debug|x64
		{9747C9AA-CF06-4316-BF0F-AACD24D1A970}.Debug|x86.ActiveCfg = Debug|Win32
		{9747C9AA-CF06-4316-BF0F-AACD24D1A970}.Debug|x86.Build.0 = Debug|Win32
		{9747C9AA-CF06-4316-BF0F-AACD24D1A970}.Release|x64.ActiveCfg = Release|x64
		{9747C9AA-CF06-4316-BF0F-AACD24D1A970}.Release|x64.Build.0 = Release|x64
		{9747C9AA-CF06-4316-BF0F-AACD24D1A970}.Release|x86.ActiveCfg = Release|Win32
		{9747C9AA-CF06-4316-BF0F-AACD24D1A970}.Release|x86.Build.0 = Release|Win32
		{93C3ABBF-EE4F-433D-A534-9B155A6E657C}.Debug|x64.ActiveCfg = Debug|x64
		{93C3ABBF-EE4F-433D-A534-9B155A6E657C}.Debug|x64.Build.0 = Debug|x64
		{93C3ABBF-EE4F-433D-A534-9B155A6E657C}.Debug|x86.ActiveCfg = Debug|Win32
		{93C3ABBF-EE4F-433D-A534-9B155A6E657C}.Debug|x86.Build.0 = Debug|Win32
		{93C3ABBF-EE4F-433D-A534-9B155A6E657C}.Release|x64.ActiveCfg = Release|x64
		{93C3ABBF-EE4F-433D-A534-9B155A6E657C}.Release|x64.Build.0 = Release|x64
		{93C3ABBF-EE4F-433D-A534-9B155A6E657C}.Release|x86.ActiveCfg = Release|Win32
		{93C3ABBF-EE4F-433D-A534-9B155A6E657C}.Release|x86.Build.0 = Release|Win32
	EndGlobalSection
	GlobalSection(SolutionProperties) = preSolution
		HideSolutionNode = FALSE
	EndGlobalSection
	GlobalSection(ExtensibilityGlobals) = postSolution
		SolutionGuid = {E8949209-D427-4779-BC50-34C87F5416E9}
	EndGlobalSection
EndGlobal
